{
  "R": {
    "Version": "4.3.1",
    "Repositories": [
      {
        "Name": "CRAN",
        "URL": "https://cloud.r-project.org"
      }
    ]
  },
  "Packages": {
    "KernSmooth": {
      "Package": "KernSmooth",
      "Version": "2.23-21",
      "Source": "Repository",
      "Repository": "CRAN",
      "Requirements": [
        "R",
        "stats"
      ],
      "Hash": "6314fc110e09548ba889491db6ae67fb"
    },
    "MASS": {
      "Package": "MASS",
      "Version": "7.3-60",
      "Source": "Repository",
      "Repository": "CRAN",
      "Requirements": [
        "R",
        "grDevices",
        "graphics",
        "methods",
        "stats",
        "utils"
      ],
      "Hash": "a56a6365b3fa73293ea8d084be0d9bb0"
    },
    "Matrix": {
      "Package": "Matrix",
      "Version": "1.5-4.1",
      "Source": "Repository",
      "Repository": "CRAN",
      "Requirements": [
        "R",
        "graphics",
        "grid",
        "lattice",
        "methods",
        "stats",
        "utils"
      ],
      "Hash": "38082d362d317745fb932e13956dccbb"
    },
    "boot": {
      "Package": "boot",
      "Version": "1.3-28.1",
      "Source": "Repository",
      "Repository": "CRAN",
      "Requirements": [
        "R",
        "graphics",
        "stats"
      ],
      "Hash": "9a052fbcbe97a98ceb18dbfd30ebd96e"
    },
    "class": {
      "Package": "class",
      "Version": "7.3-22",
      "Source": "Repository",
      "Repository": "CRAN",
      "Requirements": [
        "MASS",
        "R",
        "stats",
        "utils"
      ],
      "Hash": "f91f6b29f38b8c280f2b9477787d4bb2"
    },
    "cluster": {
      "Package": "cluster",
      "Version": "2.1.4",
      "Source": "Repository",
      "Repository": "CRAN",
      "Requirements": [
        "R",
        "grDevices",
        "graphics",
        "stats",
        "utils"
      ],
      "Hash": "5edbbabab6ce0bf7900a74fd4358628e"
    },
    "codetools": {
      "Package": "codetools",
      "Version": "0.2-19",
      "Source": "Repository",
      "Repository": "CRAN",
      "Requirements": [
        "R"
      ],
      "Hash": "c089a619a7fae175d149d89164f8c7d8"
    },
    "foreign": {
      "Package": "foreign",
      "Version": "0.8-84",
      "Source": "Repository",
      "Repository": "CRAN",
      "Requirements": [
        "R",
        "methods",
        "stats",
        "utils"
      ],
      "Hash": "467ec0ca895d4e61a22cfbac9bccddf8"
    },
    "lattice": {
      "Package": "lattice",
      "Version": "0.21-8",
      "Source": "Repository",
      "Repository": "CRAN",
      "Requirements": [
        "R",
        "grDevices",
        "graphics",
        "grid",
        "stats",
        "utils"
      ],
      "Hash": "0b8a6d63c8770f02a8b5635f3c431e6b"
    },
    "mgcv": {
      "Package": "mgcv",
      "Version": "1.8-42",
      "Source": "Repository",
      "Repository": "CRAN",
      "Requirements": [
        "Matrix",
        "R",
        "graphics",
        "methods",
        "nlme",
        "splines",
        "stats",
        "utils"
      ],
      "Hash": "3460beba7ccc8946249ba35327ba902a"
    },
    "nlme": {
      "Package": "nlme",
      "Version": "3.1-162",
      "Source": "Repository",
      "Repository": "CRAN",
      "Requirements": [
        "R",
        "graphics",
        "lattice",
        "stats",
        "utils"
      ],
      "Hash": "0984ce8da8da9ead8643c5cbbb60f83e"
    },
    "nnet": {
      "Package": "nnet",
      "Version": "7.3-19",
      "Source": "Repository",
      "Repository": "CRAN",
      "Requirements": [
        "R",
        "stats",
        "utils"
      ],
      "Hash": "2c797b46eea7fb58ede195bc0b1f1138"
    },
    "renv": {
      "Package": "renv",
      "Version": "0.17.3",
      "Source": "Repository",
      "Repository": "CRAN",
      "Requirements": [
        "utils"
      ],
      "Hash": "4543b8cd233ae25c6aba8548be9e747e"
    },
    "rpart": {
      "Package": "rpart",
      "Version": "4.1.19",
      "Source": "Repository",
      "Repository": "CRAN",
      "Requirements": [
        "R",
        "grDevices",
        "graphics",
        "stats"
      ],
      "Hash": "b3c892a81783376cc2204af0f5805a80"
    },
    "spatial": {
      "Package": "spatial",
      "Version": "7.3-16",
      "Source": "Repository",
      "Repository": "CRAN",
      "Requirements": [
        "R",
        "graphics",
        "stats",
        "utils"
      ],
      "Hash": "1f7d528460600aeab2c2fcc5b3f5bab6"
    },
    "survival": {
      "Package": "survival",
      "Version": "3.5-5",
      "Source": "Repository",
      "Repository": "CRAN",
      "Requirements": [
        "Matrix",
        "R",
        "graphics",
        "methods",
        "splines",
        "stats",
        "utils"
      ],
      "Hash": "d683341b1fa2e8d817efde27d6e6d35b"
    }
  }
}
